// !$*UTF8*$!
{
	archiveVersion = 1;
	classes = {
	};
	objectVersion = 56;
	objects = {

/* Begin PBXBuildFile section */
		CECD954D2DAE343800711611 /* WeatherApp.swift in Sources */ = {isa = PBXBuildFile; fileRef = CECD954C2DAE343800711611 /* WeatherApp.swift */; };
		CECD954F2DAE343800711611 /* ContentView.swift in Sources */ = {isa = PBXBuildFile; fileRef = CECD954E2DAE343800711611 /* ContentView.swift */; };
		CECD95512DAE343A00711611 /* Assets.xcassets in Resources */ = {isa = PBXBuildFile; fileRef = CECD95502DAE343A00711611 /* Assets.xcassets */; };
		CECD95542DAE343A00711611 /* Preview Assets.xcassets in Resources */ = {isa = PBXBuildFile; fileRef = CECD95532DAE343A00711611 /* Preview Assets.xcassets */; };
		CECD955E2DAE343B00711611 /* WeatherTests.swift in Sources */ = {isa = PBXBuildFile; fileRef = CECD955D2DAE343B00711611 /* WeatherTests.swift */; };
		CECD95682DAE343B00711611 /* WeatherUITests.swift in Sources */ = {isa = PBXBuildFile; fileRef = CECD95672DAE343B00711611 /* WeatherUITests.swift */; };
		CECD956A2DAE343B00711611 /* WeatherUITestsLaunchTests.swift in Sources */ = {isa = PBXBuildFile; fileRef = CECD95692DAE343B00711611 /* WeatherUITestsLaunchTests.swift */; };
		CECD957A2DAE38F100711611 /* WeatherData.swift in Sources */ = {isa = PBXBuildFile; fileRef = CECD95792DAE38F100711611 /* WeatherData.swift */; };
		CECD957C2DAE390C00711611 /* ForecastDay.swift in Sources */ = {isa = PBXBuildFile; fileRef = CECD957B2DAE390C00711611 /* ForecastDay.swift */; };
		CECD957F2DAE394900711611 /* WeatherService.swift in Sources */ = {isa = PBXBuildFile; fileRef = CECD957E2DAE394900711611 /* WeatherService.swift */; };
		CECD95842DAE399500711611 /* UIExtensions.swift in Sources */ = {isa = PBXBuildFile; fileRef = CECD95832DAE399500711611 /* UIExtensions.swift */; };
		CECD95862DAE39AB00711611 /* ModelExtensions.swift in Sources */ = {isa = PBXBuildFile; fileRef = CECD95852DAE39AB00711611 /* ModelExtensions.swift */; };
		CECD95892DAE39D100711611 /* WeatherViewModel.swift in Sources */ = {isa = PBXBuildFile; fileRef = CECD95882DAE39D100711611 /* WeatherViewModel.swift */; };
		CECD958C2DAE3A2500711611 /* ForecastCard.swift in Sources */ = {isa = PBXBuildFile; fileRef = CECD958B2DAE3A2500711611 /* ForecastCard.swift */; };
		CECD958E2DAE3A3900711611 /* CitySearchView.swift in Sources */ = {isa = PBXBuildFile; fileRef = CECD958D2DAE3A3900711611 /* CitySearchView.swift */; };
/* End PBXBuildFile section */

/* Begin PBXContainerItemProxy section */
		CECD955A2DAE343B00711611 /* PBXContainerItemProxy */ = {
			isa = PBXContainerItemProxy;
			containerPortal = CECD95412DAE343800711611 /* Project object */;
			proxyType = 1;
			remoteGlobalIDString = CECD95482DAE343800711611;
			remoteInfo = Weather;
		};
		CECD95642DAE343B00711611 /* PBXContainerItemProxy */ = {
			isa = PBXContainerItemProxy;
			containerPortal = CECD95412DAE343800711611 /* Project object */;
			proxyType = 1;
			remoteGlobalIDString = CECD95482DAE343800711611;
			remoteInfo = Weather;
		};
/* End PBXContainerItemProxy section */

/* Begin PBXFileReference section */
		CECD95492DAE343800711611 /* Weather.app */ = {isa = PBXFileReference; explicitFileType = wrapper.application; includeInIndex = 0; path = Weather.app; sourceTree = BUILT_PRODUCTS_DIR; };
		CECD954C2DAE343800711611 /* WeatherApp.swift */ = {isa = PBXFileReference; lastKnownFileType = sourcecode.swift; path = WeatherApp.swift; sourceTree = "<group>"; };
		CECD954E2DAE343800711611 /* ContentView.swift */ = {isa = PBXFileReference; lastKnownFileType = sourcecode.swift; path = ContentView.swift; sourceTree = "<group>"; };
		CECD95502DAE343A00711611 /* Assets.xcassets */ = {isa = PBXFileReference; lastKnownFileType = folder.assetcatalog; path = Assets.xcassets; sourceTree = "<group>"; };
		CECD95532DAE343A00711611 /* Preview Assets.xcassets */ = {isa = PBXFileReference; lastKnownFileType = folder.assetcatalog; path = "Preview Assets.xcassets"; sourceTree = "<group>"; };
		CECD95592DAE343B00711611 /* WeatherTests.xctest */ = {isa = PBXFileReference; explicitFileType = wrapper.cfbundle; includeInIndex = 0; path = WeatherTests.xctest; sourceTree = BUILT_PRODUCTS_DIR; };
		CECD955D2DAE343B00711611 /* WeatherTests.swift */ = {isa = PBXFileReference; lastKnownFileType = sourcecode.swift; path = WeatherTests.swift; sourceTree = "<group>"; };
		CECD95632DAE343B00711611 /* WeatherUITests.xctest */ = {isa = PBXFileReference; explicitFileType = wrapper.cfbundle; includeInIndex = 0; path = WeatherUITests.xctest; sourceTree = BUILT_PRODUCTS_DIR; };
		CECD95672DAE343B00711611 /* WeatherUITests.swift */ = {isa = PBXFileReference; lastKnownFileType = sourcecode.swift; path = WeatherUITests.swift; sourceTree = "<group>"; };
		CECD95692DAE343B00711611 /* WeatherUITestsLaunchTests.swift */ = {isa = PBXFileReference; lastKnownFileType = sourcecode.swift; path = WeatherUITestsLaunchTests.swift; sourceTree = "<group>"; };
		CECD95762DAE357100711611 /* Info.plist */ = {isa = PBXFileReference; lastKnownFileType = text.plist.xml; path = Info.plist; sourceTree = "<group>"; };
		CECD95792DAE38F100711611 /* WeatherData.swift */ = {isa = PBXFileReference; lastKnownFileType = sourcecode.swift; path = WeatherData.swift; sourceTree = "<group>"; };
		CECD957B2DAE390C00711611 /* ForecastDay.swift */ = {isa = PBXFileReference; lastKnownFileType = sourcecode.swift; path = ForecastDay.swift; sourceTree = "<group>"; };
		CECD957E2DAE394900711611 /* WeatherService.swift */ = {isa = PBXFileReference; lastKnownFileType = sourcecode.swift; path = WeatherService.swift; sourceTree = "<group>"; };
		CECD95832DAE399500711611 /* UIExtensions.swift */ = {isa = PBXFileReference; lastKnownFileType = sourcecode.swift; path = UIExtensions.swift; sourceTree = "<group>"; };
		CECD95852DAE39AB00711611 /* ModelExtensions.swift */ = {isa = PBXFileReference; lastKnownFileType = sourcecode.swift; path = ModelExtensions.swift; sourceTree = "<group>"; };
		CECD95882DAE39D100711611 /* WeatherViewModel.swift */ = {isa = PBXFileReference; lastKnownFileType = sourcecode.swift; path = WeatherViewModel.swift; sourceTree = "<group>"; };
		CECD958B2DAE3A2500711611 /* ForecastCard.swift */ = {isa = PBXFileReference; lastKnownFileType = sourcecode.swift; path = ForecastCard.swift; sourceTree = "<group>"; };
		CECD958D2DAE3A3900711611 /* CitySearchView.swift */ = {isa = PBXFileReference; lastKnownFileType = sourcecode.swift; path = CitySearchView.swift; sourceTree = "<group>"; };
/* End PBXFileReference section */

/* Begin PBXFrameworksBuildPhase section */
		CECD95462DAE343800711611 /* Frameworks */ = {
			isa = PBXFrameworksBuildPhase;
			buildActionMask = 2147483647;
			files = (
			);
			runOnlyForDeploymentPostprocessing = 0;
		};
		CECD95562DAE343B00711611 /* Frameworks */ = {
			isa = PBXFrameworksBuildPhase;
			buildActionMask = 2147483647;
			files = (
			);
			runOnlyForDeploymentPostprocessing = 0;
		};
		CECD95602DAE343B00711611 /* Frameworks */ = {
			isa = PBXFrameworksBuildPhase;
			buildActionMask = 2147483647;
			files = (
			);
			runOnlyForDeploymentPostprocessing = 0;
		};
/* End PBXFrameworksBuildPhase section */

/* Begin PBXGroup section */
		CECD95402DAE343800711611 = {
			isa = PBXGroup;
			children = (
				CECD954B2DAE343800711611 /* Weather */,
				CECD955C2DAE343B00711611 /* WeatherTests */,
				CECD95662DAE343B00711611 /* WeatherUITests */,
				CECD954A2DAE343800711611 /* Products */,
			);
			sourceTree = "<group>";
		};
		CECD954A2DAE343800711611 /* Products */ = {
			isa = PBXGroup;
			children = (
				CECD95492DAE343800711611 /* Weather.app */,
				CECD95592DAE343B00711611 /* WeatherTests.xctest */,
				CECD95632DAE343B00711611 /* WeatherUITests.xctest */,
			);
			name = Products;
			sourceTree = "<group>";
		};
		CECD954B2DAE343800711611 /* Weather */ = {
			isa = PBXGroup;
			children = (
				CECD958A2DAE39F300711611 /* Views */,
				CECD95872DAE39C200711611 /* ViewModels */,
				CECD95802DAE395D00711611 /* Utilities */,
				CECD957D2DAE393800711611 /* Services */,
				CECD95782DAE38A200711611 /* Models */,
				CECD95502DAE343A00711611 /* Assets.xcassets */,
				CECD95522DAE343A00711611 /* Preview Content */,
				CECD95762DAE357100711611 /* Info.plist */,
			);
			path = Weather;
			sourceTree = "<group>";
		};
		CECD95522DAE343A00711611 /* Preview Content */ = {
			isa = PBXGroup;
			children = (
				CECD95532DAE343A00711611 /* Preview Assets.xcassets */,
			);
			path = "Preview Content";
			sourceTree = "<group>";
		};
		CECD955C2DAE343B00711611 /* WeatherTests */ = {
			isa = PBXGroup;
			children = (
				CECD955D2DAE343B00711611 /* WeatherTests.swift */,
			);
			path = WeatherTests;
			sourceTree = "<group>";
		};
		CECD95662DAE343B00711611 /* WeatherUITests */ = {
			isa = PBXGroup;
			children = (
				CECD95672DAE343B00711611 /* WeatherUITests.swift */,
				CECD95692DAE343B00711611 /* WeatherUITestsLaunchTests.swift */,
			);
			path = WeatherUITests;
			sourceTree = "<group>";
		};
		CECD95782DAE38A200711611 /* Models */ = {
			isa = PBXGroup;
			children = (
				CECD95792DAE38F100711611 /* WeatherData.swift */,
				CECD957B2DAE390C00711611 /* ForecastDay.swift */,
			);
			path = Models;
			sourceTree = "<group>";
		};
		CECD957D2DAE393800711611 /* Services */ = {
			isa = PBXGroup;
			children = (
				CECD957E2DAE394900711611 /* WeatherService.swift */,
			);
			path = Services;
			sourceTree = "<group>";
		};
		CECD95802DAE395D00711611 /* Utilities */ = {
			isa = PBXGroup;
			children = (
				CECD95832DAE399500711611 /* UIExtensions.swift */,
				CECD95852DAE39AB00711611 /* ModelExtensions.swift */,
			);
			path = Utilities;
			sourceTree = "<group>";
		};
		CECD95872DAE39C200711611 /* ViewModels */ = {
			isa = PBXGroup;
			children = (
				CECD95882DAE39D100711611 /* WeatherViewModel.swift */,
			);
			path = ViewModels;
			sourceTree = "<group>";
		};
		CECD958A2DAE39F300711611 /* Views */ = {
			isa = PBXGroup;
			children = (
				CECD954C2DAE343800711611 /* WeatherApp.swift */,
				CECD954E2DAE343800711611 /* ContentView.swift */,
				CECD958B2DAE3A2500711611 /* ForecastCard.swift */,
				CECD958D2DAE3A3900711611 /* CitySearchView.swift */,
			);
			path = Views;
			sourceTree = "<group>";
		};
/* End PBXGroup section */

/* Begin PBXNativeTarget section */
		CECD95482DAE343800711611 /* Weather */ = {
			isa = PBXNativeTarget;
			buildConfigurationList = CECD956D2DAE343B00711611 /* Build configuration list for PBXNativeTarget "Weather" */;
			buildPhases = (
				CECD95452DAE343800711611 /* Sources */,
				CECD95462DAE343800711611 /* Frameworks */,
				CECD95472DAE343800711611 /* Resources */,
			);
			buildRules = (
			);
			dependencies = (
			);
			name = Weather;
			productName = Weather;
			productReference = CECD95492DAE343800711611 /* Weather.app */;
			productType = "com.apple.product-type.application";
		};
		CECD95582DAE343B00711611 /* WeatherTests */ = {
			isa = PBXNativeTarget;
			buildConfigurationList = CECD95702DAE343B00711611 /* Build configuration list for PBXNativeTarget "WeatherTests" */;
			buildPhases = (
				CECD95552DAE343B00711611 /* Sources */,
				CECD95562DAE343B00711611 /* Frameworks */,
				CECD95572DAE343B00711611 /* Resources */,
			);
			buildRules = (
			);
			dependencies = (
				CECD955B2DAE343B00711611 /* PBXTargetDependency */,
			);
			name = WeatherTests;
			productName = WeatherTests;
			productReference = CECD95592DAE343B00711611 /* WeatherTests.xctest */;
			productType = "com.apple.product-type.bundle.unit-test";
		};
		CECD95622DAE343B00711611 /* WeatherUITests */ = {
			isa = PBXNativeTarget;
			buildConfigurationList = CECD95732DAE343B00711611 /* Build configuration list for PBXNativeTarget "WeatherUITests" */;
			buildPhases = (
				CECD955F2DAE343B00711611 /* Sources */,
				CECD95602DAE343B00711611 /* Frameworks */,
				CECD95612DAE343B00711611 /* Resources */,
			);
			buildRules = (
			);
			dependencies = (
				CECD95652DAE343B00711611 /* PBXTargetDependency */,
			);
			name = WeatherUITests;
			productName = WeatherUITests;
			productReference = CECD95632DAE343B00711611 /* WeatherUITests.xctest */;
			productType = "com.apple.product-type.bundle.ui-testing";
		};
/* End PBXNativeTarget section */

/* Begin PBXProject section */
		CECD95412DAE343800711611 /* Project object */ = {
			isa = PBXProject;
			attributes = {
				BuildIndependentTargetsInParallel = 1;
				LastSwiftUpdateCheck = 1540;
				LastUpgradeCheck = 1540;
				TargetAttributes = {
					CECD95482DAE343800711611 = {
						CreatedOnToolsVersion = 15.4;
					};
					CECD95582DAE343B00711611 = {
						CreatedOnToolsVersion = 15.4;
						TestTargetID = CECD95482DAE343800711611;
					};
					CECD95622DAE343B00711611 = {
						CreatedOnToolsVersion = 15.4;
						TestTargetID = CECD95482DAE343800711611;
					};
				};
			};
			buildConfigurationList = CECD95442DAE343800711611 /* Build configuration list for PBXProject "Weather" */;
			compatibilityVersion = "Xcode 14.0";
			developmentRegion = en;
			hasScannedForEncodings = 0;
			knownRegions = (
				en,
				Base,
			);
			mainGroup = CECD95402DAE343800711611;
			productRefGroup = CECD954A2DAE343800711611 /* Products */;
			projectDirPath = "";
			projectRoot = "";
			targets = (
				CECD95482DAE343800711611 /* Weather */,
				CECD95582DAE343B00711611 /* WeatherTests */,
				CECD95622DAE343B00711611 /* WeatherUITests */,
			);
		};
/* End PBXProject section */

/* Begin PBXResourcesBuildPhase section */
		CECD95472DAE343800711611 /* Resources */ = {
			isa = PBXResourcesBuildPhase;
			buildActionMask = 2147483647;
			files = (
				CECD95542DAE343A00711611 /* Preview Assets.xcassets in Resources */,
				CECD95512DAE343A00711611 /* Assets.xcassets in Resources */,
			);
			runOnlyForDeploymentPostprocessing = 0;
		};
		CECD95572DAE343B00711611 /* Resources */ = {
			isa = PBXResourcesBuildPhase;
			buildActionMask = 2147483647;
			files = (
			);
			runOnlyForDeploymentPostprocessing = 0;
		};
		CECD95612DAE343B00711611 /* Resources */ = {
			isa = PBXResourcesBuildPhase;
			buildActionMask = 2147483647;
			files = (
			);
			runOnlyForDeploymentPostprocessing = 0;
		};
/* End PBXResourcesBuildPhase section */

/* Begin PBXSourcesBuildPhase section */
		CECD95452DAE343800711611 /* Sources */ = {
			isa = PBXSourcesBuildPhase;
			buildActionMask = 2147483647;
			files = (
				CECD957F2DAE394900711611 /* WeatherService.swift in Sources */,
				CECD954F2DAE343800711611 /* ContentView.swift in Sources */,
				CECD958C2DAE3A2500711611 /* ForecastCard.swift in Sources */,
				CECD957C2DAE390C00711611 /* ForecastDay.swift in Sources */,
				CECD95862DAE39AB00711611 /* ModelExtensions.swift in Sources */,
				CECD95842DAE399500711611 /* UIExtensions.swift in Sources */,
				CECD95892DAE39D100711611 /* WeatherViewModel.swift in Sources */,
				CECD957A2DAE38F100711611 /* WeatherData.swift in Sources */,
				CECD954D2DAE343800711611 /* WeatherApp.swift in Sources */,
				CECD958E2DAE3A3900711611 /* CitySearchView.swift in Sources */,
			);
			runOnlyForDeploymentPostprocessing = 0;
		};
		CECD95552DAE343B00711611 /* Sources */ = {
			isa = PBXSourcesBuildPhase;
			buildActionMask = 2147483647;
			files = (
				CECD955E2DAE343B00711611 /* WeatherTests.swift in Sources */,
			);
			runOnlyForDeploymentPostprocessing = 0;
		};
		CECD955F2DAE343B00711611 /* Sources */ = {
			isa = PBXSourcesBuildPhase;
			buildActionMask = 2147483647;
			files = (
				CECD95682DAE343B00711611 /* WeatherUITests.swift in Sources */,
				CECD956A2DAE343B00711611 /* WeatherUITestsLaunchTests.swift in Sources */,
			);
			runOnlyForDeploymentPostprocessing = 0;
		};
/* End PBXSourcesBuildPhase section */

/* Begin PBXTargetDependency section */
		CECD955B2DAE343B00711611 /* PBXTargetDependency */ = {
			isa = PBXTargetDependency;
			target = CECD95482DAE343800711611 /* Weather */;
			targetProxy = CECD955A2DAE343B00711611 /* PBXContainerItemProxy */;
		};
		CECD95652DAE343B00711611 /* PBXTargetDependency */ = {
			isa = PBXTargetDependency;
			target = CECD95482DAE343800711611 /* Weather */;
			targetProxy = CECD95642DAE343B00711611 /* PBXContainerItemProxy */;
		};
/* End PBXTargetDependency section */

/* Begin XCBuildConfiguration section */
		CECD956B2DAE343B00711611 /* Debug */ = {
			isa = XCBuildConfiguration;
			buildSettings = {
				ALWAYS_SEARCH_USER_PATHS = NO;
				ASSETCATALOG_COMPILER_GENERATE_SWIFT_ASSET_SYMBOL_EXTENSIONS = YES;
				CLANG_ANALYZER_NONNULL = YES;
				CLANG_ANALYZER_NUMBER_OBJECT_CONVERSION = YES_AGGRESSIVE;
				CLANG_CXX_LANGUAGE_STANDARD = "gnu++20";
				CLANG_ENABLE_MODULES = YES;
				CLANG_ENABLE_OBJC_ARC = YES;
				CLANG_ENABLE_OBJC_WEAK = YES;
				CLANG_WARN_BLOCK_CAPTURE_AUTORELEASING = YES;
				CLANG_WARN_BOOL_CONVERSION = YES;
				CLANG_WARN_COMMA = YES;
				CLANG_WARN_CONSTANT_CONVERSION = YES;
				CLANG_WARN_DEPRECATED_OBJC_IMPLEMENTATIONS = YES;
				CLANG_WARN_DIRECT_OBJC_ISA_USAGE = YES_ERROR;
				CLANG_WARN_DOCUMENTATION_COMMENTS = YES;
				CLANG_WARN_EMPTY_BODY = YES;
				CLANG_WARN_ENUM_CONVERSION = YES;
				CLANG_WARN_INFINITE_RECURSION = YES;
				CLANG_WARN_INT_CONVERSION = YES;
				CLANG_WARN_NON_LITERAL_NULL_CONVERSION = YES;
				CLANG_WARN_OBJC_IMPLICIT_RETAIN_SELF = YES;
				CLANG_WARN_OBJC_LITERAL_CONVERSION = YES;
				CLANG_WARN_OBJC_ROOT_CLASS = YES_ERROR;
				CLANG_WARN_QUOTED_INCLUDE_IN_FRAMEWORK_HEADER = YES;
				CLANG_WARN_RANGE_LOOP_ANALYSIS = YES;
				CLANG_WARN_STRICT_PROTOTYPES = YES;
				CLANG_WARN_SUSPICIOUS_MOVE = YES;
				CLANG_WARN_UNGUARDED_AVAILABILITY = YES_AGGRESSIVE;
				CLANG_WARN_UNREACHABLE_CODE = YES;
				CLANG_WARN__DUPLICATE_METHOD_MATCH = YES;
				COPY_PHASE_STRIP = NO;
				DEBUG_INFORMATION_FORMAT = dwarf;
				ENABLE_STRICT_OBJC_MSGSEND = YES;
				ENABLE_TESTABILITY = YES;
				ENABLE_USER_SCRIPT_SANDBOXING = YES;
				GCC_C_LANGUAGE_STANDARD = gnu17;
				GCC_DYNAMIC_NO_PIC = NO;
				GCC_NO_COMMON_BLOCKS = YES;
				GCC_OPTIMIZATION_LEVEL = 0;
				GCC_PREPROCESSOR_DEFINITIONS = (
					"DEBUG=1",
					"$(inherited)",
				);
				GCC_WARN_64_TO_32_BIT_CONVERSION = YES;
				GCC_WARN_ABOUT_RETURN_TYPE = YES_ERROR;
				GCC_WARN_UNDECLARED_SELECTOR = YES;
				GCC_WARN_UNINITIALIZED_AUTOS = YES_AGGRESSIVE;
				GCC_WARN_UNUSED_FUNCTION = YES;
				GCC_WARN_UNUSED_VARIABLE = YES;
				IPHONEOS_DEPLOYMENT_TARGET = 17.5;
				LOCALIZATION_PREFERS_STRING_CATALOGS = YES;
				MTL_ENABLE_DEBUG_INFO = INCLUDE_SOURCE;
				MTL_FAST_MATH = YES;
				ONLY_ACTIVE_ARCH = YES;
				SDKROOT = iphoneos;
				SWIFT_ACTIVE_COMPILATION_CONDITIONS = "DEBUG $(inherited)";
				SWIFT_OPTIMIZATION_LEVEL = "-Onone";
			};
			name = Debug;
		};
		CECD956C2DAE343B00711611 /* Release */ = {
			isa = XCBuildConfiguration;
			buildSettings = {
				ALWAYS_SEARCH_USER_PATHS = NO;
				ASSETCATALOG_COMPILER_GENERATE_SWIFT_ASSET_SYMBOL_EXTENSIONS = YES;
				CLANG_ANALYZER_NONNULL = YES;
				CLANG_ANALYZER_NUMBER_OBJECT_CONVERSION = YES_AGGRESSIVE;
				CLANG_CXX_LANGUAGE_STANDARD = "gnu++20";
				CLANG_ENABLE_MODULES = YES;
				CLANG_ENABLE_OBJC_ARC = YES;
				CLANG_ENABLE_OBJC_WEAK = YES;
				CLANG_WARN_BLOCK_CAPTURE_AUTORELEASING = YES;
				CLANG_WARN_BOOL_CONVERSION = YES;
				CLANG_WARN_COMMA = YES;
				CLANG_WARN_CONSTANT_CONVERSION = YES;
				CLANG_WARN_DEPRECATED_OBJC_IMPLEMENTATIONS = YES;
				CLANG_WARN_DIRECT_OBJC_ISA_USAGE = YES_ERROR;
				CLANG_WARN_DOCUMENTATION_COMMENTS = YES;
				CLANG_WARN_EMPTY_BODY = YES;
				CLANG_WARN_ENUM_CONVERSION = YES;
				CLANG_WARN_INFINITE_RECURSION = YES;
				CLANG_WARN_INT_CONVERSION = YES;
				CLANG_WARN_NON_LITERAL_NULL_CONVERSION = YES;
				CLANG_WARN_OBJC_IMPLICIT_RETAIN_SELF = YES;
				CLANG_WARN_OBJC_LITERAL_CONVERSION = YES;
				CLANG_WARN_OBJC_ROOT_CLASS = YES_ERROR;
				CLANG_WARN_QUOTED_INCLUDE_IN_FRAMEWORK_HEADER = YES;
				CLANG_WARN_RANGE_LOOP_ANALYSIS = YES;
				CLANG_WARN_STRICT_PROTOTYPES = YES;
				CLANG_WARN_SUSPICIOUS_MOVE = YES;
				CLANG_WARN_UNGUARDED_AVAILABILITY = YES_AGGRESSIVE;
				CLANG_WARN_UNREACHABLE_CODE = YES;
				CLANG_WARN__DUPLICATE_METHOD_MATCH = YES;
				COPY_PHASE_STRIP = NO;
				DEBUG_INFORMATION_FORMAT = "dwarf-with-dsym";
				ENABLE_NS_ASSERTIONS = NO;
				ENABLE_STRICT_OBJC_MSGSEND = YES;
				ENABLE_USER_SCRIPT_SANDBOXING = YES;
				GCC_C_LANGUAGE_STANDARD = gnu17;
				GCC_NO_COMMON_BLOCKS = YES;
				GCC_WARN_64_TO_32_BIT_CONVERSION = YES;
				GCC_WARN_ABOUT_RETURN_TYPE = YES_ERROR;
				GCC_WARN_UNDECLARED_SELECTOR = YES;
				GCC_WARN_UNINITIALIZED_AUTOS = YES_AGGRESSIVE;
				GCC_WARN_UNUSED_FUNCTION = YES;
				GCC_WARN_UNUSED_VARIABLE = YES;
				IPHONEOS_DEPLOYMENT_TARGET = 17.5;
				LOCALIZATION_PREFERS_STRING_CATALOGS = YES;
				MTL_ENABLE_DEBUG_INFO = NO;
				MTL_FAST_MATH = YES;
				SDKROOT = iphoneos;
				SWIFT_COMPILATION_MODE = wholemodule;
				VALIDATE_PRODUCT = YES;
			};
			name = Release;
		};
		CECD956E2DAE343B00711611 /* Debug */ = {
			isa = XCBuildConfiguration;
			buildSettings = {
				ASSETCATALOG_COMPILER_APPICON_NAME = AppIcon;
				ASSETCATALOG_COMPILER_GLOBAL_ACCENT_COLOR_NAME = AccentColor;
				CODE_SIGN_STYLE = Automatic;
				CURRENT_PROJECT_VERSION = 1;
				DEVELOPMENT_ASSET_PATHS = "\"Weather/Preview Content\"";
				ENABLE_PREVIEWS = YES;
				GENERATE_INFOPLIST_FILE = YES;
				INFOPLIST_FILE = Weather/Info.plist;
				INFOPLIST_KEY_UIApplicationSceneManifest_Generation = YES;
				INFOPLIST_KEY_UIApplicationSupportsIndirectInputEvents = YES;
				INFOPLIST_KEY_UILaunchScreen_Generation = YES;
				INFOPLIST_KEY_UISupportedInterfaceOrientations_iPad = "UIInterfaceOrientationPortrait UIInterfaceOrientationPortraitUpsideDown UIInterfaceOrientationLandscapeLeft UIInterfaceOrientationLandscapeRight";
				INFOPLIST_KEY_UISupportedInterfaceOrientations_iPhone = "UIInterfaceOrientationPortrait UIInterfaceOrientationLandscapeLeft UIInterfaceOrientationLandscapeRight";
				LD_RUNPATH_SEARCH_PATHS = (
					"$(inherited)",
					"@executable_path/Frameworks",
				);
				MARKETING_VERSION = 1.0;
				PRODUCT_BUNDLE_IDENTIFIER = iu.Weather;
				PRODUCT_NAME = "$(TARGET_NAME)";
				SWIFT_EMIT_LOC_STRINGS = YES;
				SWIFT_VERSION = 5.0;
				TARGETED_DEVICE_FAMILY = "1,2";
			};
			name = Debug;
		};
		CECD956F2DAE343B00711611 /* Release */ = {
			isa = XCBuildConfiguration;
			buildSettings = {
				ASSETCATALOG_COMPILER_APPICON_NAME = AppIcon;
				ASSETCATALOG_COMPILER_GLOBAL_ACCENT_COLOR_NAME = AccentColor;
				CODE_SIGN_STYLE = Automatic;
				CURRENT_PROJECT_VERSION = 1;
				DEVELOPMENT_ASSET_PATHS = "\"Weather/Preview Content\"";
				ENABLE_PREVIEWS = YES;
				GENERATE_INFOPLIST_FILE = YES;
				INFOPLIST_FILE = Weather/Info.plist;
				INFOPLIST_KEY_UIApplicationSceneManifest_Generation = YES;
				INFOPLIST_KEY_UIApplicationSupportsIndirectInputEvents = YES;
				INFOPLIST_KEY_UILaunchScreen_Generation = YES;
				INFOPLIST_KEY_UISupportedInterfaceOrientations_iPad = "UIInterfaceOrientationPortrait UIInterfaceOrientationPortraitUpsideDown UIInterfaceOrientationLandscapeLeft UIInterfaceOrientationLandscapeRight";
				INFOPLIST_KEY_UISupportedInterfaceOrientations_iPhone = "UIInterfaceOrientationPortrait UIInterfaceOrientationLandscapeLeft UIInterfaceOrientationLandscapeRight";
				LD_RUNPATH_SEARCH_PATHS = (
					"$(inherited)",
					"@executable_path/Frameworks",
				);
				MARKETING_VERSION = 1.0;
				PRODUCT_BUNDLE_IDENTIFIER = iu.Weather;
				PRODUCT_NAME = "$(TARGET_NAME)";
				SWIFT_EMIT_LOC_STRINGS = YES;
				SWIFT_VERSION = 5.0;
				TARGETED_DEVICE_FAMILY = "1,2";
			};
			name = Release;
		};
		CECD95712DAE343B00711611 /* Debug */ = {
			isa = XCBuildConfiguration;
			buildSettings = {
				ALWAYS_EMBED_SWIFT_STANDARD_LIBRARIES = YES;
				BUNDLE_LOADER = "$(TEST_HOST)";
				CODE_SIGN_STYLE = Automatic;
				CURRENT_PROJECT_VERSION = 1;
				GENERATE_INFOPLIST_FILE = YES;
				INFOPLIST_FILE = Weather/Info.plist;
				IPHONEOS_DEPLOYMENT_TARGET = 17.5;
				MARKETING_VERSION = 1.0;
				PRODUCT_BUNDLE_IDENTIFIER = iu.WeatherTests;
				PRODUCT_NAME = "$(TARGET_NAME)";
				SWIFT_EMIT_LOC_STRINGS = NO;
				SWIFT_VERSION = 5.0;
				TARGETED_DEVICE_FAMILY = "1,2";
				TEST_HOST = "$(BUILT_PRODUCTS_DIR)/Weather.app/$(BUNDLE_EXECUTABLE_FOLDER_PATH)/Weather";
			};
			name = Debug;
		};
		CECD95722DAE343B00711611 /* Release */ = {
			isa = XCBuildConfiguration;
			buildSettings = {
				ALWAYS_EMBED_SWIFT_STANDARD_LIBRARIES = YES;
				BUNDLE_LOADER = "$(TEST_HOST)";
				CODE_SIGN_STYLE = Automatic;
				CURRENT_PROJECT_VERSION = 1;
				GENERATE_INFOPLIST_FILE = YES;
				INFOPLIST_FILE = Weather/Info.plist;
				IPHONEOS_DEPLOYMENT_TARGET = 17.5;
				MARKETING_VERSION = 1.0;
				PRODUCT_BUNDLE_IDENTIFIER = iu.WeatherTests;
				PRODUCT_NAME = "$(TARGET_NAME)";
				SWIFT_EMIT_LOC_STRINGS = NO;
				SWIFT_VERSION = 5.0;
				TARGETED_DEVICE_FAMILY = "1,2";
				TEST_HOST = "$(BUILT_PRODUCTS_DIR)/Weather.app/$(BUNDLE_EXECUTABLE_FOLDER_PATH)/Weather";
			};
			name = Release;
		};
		CECD95742DAE343B00711611 /* Debug */ = {
			isa = XCBuildConfiguration;
			buildSettings = {
				ALWAYS_EMBED_SWIFT_STANDARD_LIBRARIES = YES;
				CODE_SIGN_STYLE = Automatic;
				CURRENT_PROJECT_VERSION = 1;
				GENERATE_INFOPLIST_FILE = YES;
				INFOPLIST_FILE = Weather/Info.plist;
				MARKETING_VERSION = 1.0;
				PRODUCT_BUNDLE_IDENTIFIER = iu.WeatherUITests;
				PRODUCT_NAME = "$(TARGET_NAME)";
				SWIFT_EMIT_LOC_STRINGS = NO;
				SWIFT_VERSION = 5.0;
				TARGETED_DEVICE_FAMILY = "1,2";
				TEST_TARGET_NAME = Weather;
			};
			name = Debug;
		};
		CECD95752DAE343B00711611 /* Release */ = {
			isa = XCBuildConfiguration;
			buildSettings = {
				ALWAYS_EMBED_SWIFT_STANDARD_LIBRARIES = YES;
				CODE_SIGN_STYLE = Automatic;
				CURRENT_PROJECT_VERSION = 1;
				GENERATE_INFOPLIST_FILE = YES;
				INFOPLIST_FILE = Weather/Info.plist;
				MARKETING_VERSION = 1.0;
				PRODUCT_BUNDLE_IDENTIFIER = iu.WeatherUITests;
				PRODUCT_NAME = "$(TARGET_NAME)";
				SWIFT_EMIT_LOC_STRINGS = NO;
				SWIFT_VERSION = 5.0;
				TARGETED_DEVICE_FAMILY = "1,2";
				TEST_TARGET_NAME = Weather;
			};
			name = Release;
		};
/* End XCBuildConfiguration section */

/* Begin XCConfigurationList section */
		CECD95442DAE343800711611 /* Build configuration list for PBXProject "Weather" */ = {
			isa = XCConfigurationList;
			buildConfigurations = (
				CECD956B2DAE343B00711611 /* Debug */,
				CECD956C2DAE343B00711611 /* Release */,
			);
			defaultConfigurationIsVisible = 0;
			defaultConfigurationName = Release;
		};
		CECD956D2DAE343B00711611 /* Build configuration list for PBXNativeTarget "Weather" */ = {
			isa = XCConfigurationList;
			buildConfigurations = (
				CECD956E2DAE343B00711611 /* Debug */,
				CECD956F2DAE343B00711611 /* Release */,
			);
			defaultConfigurationIsVisible = 0;
			defaultConfigurationName = Release;
		};
		CECD95702DAE343B00711611 /* Build configuration list for PBXNativeTarget "WeatherTests" */ = {
			isa = XCConfigurationList;
			buildConfigurations = (
				CECD95712DAE343B00711611 /* Debug */,
				CECD95722DAE343B00711611 /* Release */,
			);
			defaultConfigurationIsVisible = 0;
			defaultConfigurationName = Release;
		};
		CECD95732DAE343B00711611 /* Build configuration list for PBXNativeTarget "WeatherUITests" */ = {
			isa = XCConfigurationList;
			buildConfigurations = (
				CECD95742DAE343B00711611 /* Debug */,
				CECD95752DAE343B00711611 /* Release */,
			);
			defaultConfigurationIsVisible = 0;
			defaultConfigurationName = Release;
		};
/* End XCConfigurationList section */
	};
	rootObject = CECD95412DAE343800711611 /* Project object */;
}
